
Microsoft Visual Studio Solution File, Format Version 12.00
# Visual Studio Version 17
VisualStudioVersion = 17.10.35027.167
MinimumVisualStudioVersion = 10.0.40219.1
Project("{9A19103F-16F7-4668-BE54-9A1E7A4F7556}") = "Samples", "Samples\Samples.csproj", "{FC10D65A-5558-48E8-9EB0-2648DFB3E909}"
EndProject
Project("{9A19103F-16F7-4668-BE54-9A1E7A4F7556}") = "WaveDecoder", "WaveDecoder\WaveDecoder.csproj", "{7059D628-8A5F-4ACA-839F-7C7DA41E0BAB}"
EndProject
Global
	GlobalSection(SolutionConfigurationPlatforms) = preSolution
		Debug|Any CPU = Debug|Any CPU
		Release|Any CPU = Release|Any CPU
	EndGlobalSection
	GlobalSection(ProjectConfigurationPlatforms) = postSolution
		{FC10D65A-5558-48E8-9EB0-2648DFB3E909}.Debug|Any CPU.ActiveCfg = Debug|Any CPU
		{FC10D65A-5558-48E8-9EB0-2648DFB3E909}.Debug|Any CPU.Build.0 = Debug|Any CPU
		{FC10D65A-5558-48E8-9EB0-2648DFB3E909}.Release|Any CPU.ActiveCfg = Release|Any CPU
		{FC10D65A-5558-48E8-9EB0-2648DFB3E909}.Release|Any CPU.Build.0 = Release|Any CPU
		{7059D628-8A5F-4ACA-839F-7C7DA41E0BAB}.Debug|Any CPU.ActiveCfg = Debug|Any CPU
		{7059D628-8A5F-4ACA-839F-7C7DA41E0BAB}.Debug|Any CPU.Build.0 = Debug|Any CPU
		{7059D628-8A5F-4ACA-839F-7C7DA41E0BAB}.Release|Any CPU.ActiveCfg = Release|Any CPU
		{7059D628-8A5F-4ACA-839F-7C7DA41E0BAB}.Release|Any CPU.Build.0 = Release|Any CPU
	EndGlobalSection
	GlobalSection(SolutionProperties) = preSolution
		HideSolutionNode = FALSE
	EndGlobalSection
	GlobalSection(ExtensibilityGlobals) = postSolution
		SolutionGuid = {9DCE1FE8-8734-432D-AC62-A0865C70FBDF}
	EndGlobalSection
EndGlobal
